// !$*UTF8*$!
{
	archiveVersion = 1;
	classes = {
	};
	objectVersion = 55;
	objects = {

/* Begin PBXBuildFile section */
		1A0ED5C9287EB479007F0933 /* RepositoriesStore.swift in Sources */ = {isa = PBXBuildFile; fileRef = 1A0ED5C8287EB479007F0933 /* RepositoriesStore.swift */; };
		1A0ED5CB287EB6E6007F0933 /* RepositoriesView.swift in Sources */ = {isa = PBXBuildFile; fileRef = 1A0ED5CA287EB6E6007F0933 /* RepositoriesView.swift */; };
		1A0ED5CD287EB6F8007F0933 /* RepositoryRowView.swift in Sources */ = {isa = PBXBuildFile; fileRef = 1A0ED5CC287EB6F8007F0933 /* RepositoryRowView.swift */; };
		1A0ED5CF287EB706007F0933 /* RepositoryEditView.swift in Sources */ = {isa = PBXBuildFile; fileRef = 1A0ED5CE287EB706007F0933 /* RepositoryEditView.swift */; };
		1A0ED5D2287EEA3F007F0933 /* DefaultRepositories.json in Resources */ = {isa = PBXBuildFile; fileRef = 1A0ED5D1287EEA3F007F0933 /* DefaultRepositories.json */; };
		1A31F75D28882F3200052839 /* CSV in Frameworks */ = {isa = PBXBuildFile; productRef = 1A31F75C28882F3200052839 /* CSV */; };
		1A31F76028889BF100052839 /* BackgroundImage.swift in Sources */ = {isa = PBXBuildFile; fileRef = 1A31F75F28889BF100052839 /* BackgroundImage.swift */; };
		1A31F7622888A0AE00052839 /* LabelledTextView.swift in Sources */ = {isa = PBXBuildFile; fileRef = 1A31F7612888A0AE00052839 /* LabelledTextView.swift */; };
		1A31F76428893C1500052839 /* LabelledStepper.swift in Sources */ = {isa = PBXBuildFile; fileRef = 1A31F76328893C1500052839 /* LabelledStepper.swift */; };
		1A31F76628893D7800052839 /* LabelledText.swift in Sources */ = {isa = PBXBuildFile; fileRef = 1A31F76528893D7800052839 /* LabelledText.swift */; };
		1A44ECB42858CD1F006624B0 /* CapturingThePastApp.swift in Sources */ = {isa = PBXBuildFile; fileRef = 1A44ECB32858CD1F006624B0 /* CapturingThePastApp.swift */; };
		1A44ECB62858CD1F006624B0 /* ArchiveEntryEditView.swift in Sources */ = {isa = PBXBuildFile; fileRef = 1A44ECB52858CD1F006624B0 /* ArchiveEntryEditView.swift */; };
		1A44ECB82858CD23006624B0 /* Assets.xcassets in Resources */ = {isa = PBXBuildFile; fileRef = 1A44ECB72858CD23006624B0 /* Assets.xcassets */; };
		1A44ECBB2858CD23006624B0 /* Preview Assets.xcassets in Resources */ = {isa = PBXBuildFile; fileRef = 1A44ECBA2858CD23006624B0 /* Preview Assets.xcassets */; };
		1A44ECC32862F8BC006624B0 /* Repository.swift in Sources */ = {isa = PBXBuildFile; fileRef = 1A44ECC22862F8BC006624B0 /* Repository.swift */; };
		1A44ECC52862F8FF006624B0 /* ArchiveEntry.swift in Sources */ = {isa = PBXBuildFile; fileRef = 1A44ECC42862F8FF006624B0 /* ArchiveEntry.swift */; };
		1A44ECC728630157006624B0 /* ArchiveEntriesView.swift in Sources */ = {isa = PBXBuildFile; fileRef = 1A44ECC628630157006624B0 /* ArchiveEntriesView.swift */; };
		1A44ECC928630431006624B0 /* ArchiveEntryRowView.swift in Sources */ = {isa = PBXBuildFile; fileRef = 1A44ECC828630431006624B0 /* ArchiveEntryRowView.swift */; };
		1A44ECCB28631885006624B0 /* ArchiveEntriesStore.swift in Sources */ = {isa = PBXBuildFile; fileRef = 1A44ECCA28631885006624B0 /* ArchiveEntriesStore.swift */; };
		1A6291F02869AA8A006B51CB /* ImagePicker.swift in Sources */ = {isa = PBXBuildFile; fileRef = 1A6291EE2869AA8A006B51CB /* ImagePicker.swift */; };
		1A6291F32869AA91006B51CB /* FileManager+Extension.swift in Sources */ = {isa = PBXBuildFile; fileRef = 1A6291F22869AA91006B51CB /* FileManager+Extension.swift */; };
		1A6291F52869B38D006B51CB /* Photo.swift in Sources */ = {isa = PBXBuildFile; fileRef = 1A6291F42869B38D006B51CB /* Photo.swift */; };
		1A6291F72869B45F006B51CB /* CapturingThePastError.swift in Sources */ = {isa = PBXBuildFile; fileRef = 1A6291F62869B45F006B51CB /* CapturingThePastError.swift */; };
		1A6291F92869BD4A006B51CB /* ButtonLabel.swift in Sources */ = {isa = PBXBuildFile; fileRef = 1A6291F82869BD4A006B51CB /* ButtonLabel.swift */; };
		1A96D038288A8E58005C638A /* PopupView in Frameworks */ = {isa = PBXBuildFile; productRef = 1A96D037288A8E58005C638A /* PopupView */; };
		1A96D03A288A91C3005C638A /* Color+Extension.swift in Sources */ = {isa = PBXBuildFile; fileRef = 1A96D039288A91C3005C638A /* Color+Extension.swift */; };
		1A96D03C288A9CCB005C638A /* LabelledControl.swift in Sources */ = {isa = PBXBuildFile; fileRef = 1A96D03B288A9CCB005C638A /* LabelledControl.swift */; };
		1A96D03E288AA161005C638A /* LabelledSpecialCaseControl.swift in Sources */ = {isa = PBXBuildFile; fileRef = 1A96D03D288AA161005C638A /* LabelledSpecialCaseControl.swift */; };
		1AB223E4288C325900A8AA29 /* ShortRepositories.json in Resources */ = {isa = PBXBuildFile; fileRef = 1AB223E3288C325900A8AA29 /* ShortRepositories.json */; };
		1AB223E6288C326D00A8AA29 /* AlternativeRepositories.json in Resources */ = {isa = PBXBuildFile; fileRef = 1AB223E5288C326D00A8AA29 /* AlternativeRepositories.json */; };
		1AB223ED288C40DC00A8AA29 /* ConfirmationDialog.swift in Sources */ = {isa = PBXBuildFile; fileRef = 1AB223EC288C40DC00A8AA29 /* ConfirmationDialog.swift */; };
		1AB223EF288C43C600A8AA29 /* InfoPopup.swift in Sources */ = {isa = PBXBuildFile; fileRef = 1AB223EE288C43C600A8AA29 /* InfoPopup.swift */; };
/* End PBXBuildFile section */

/* Begin PBXFileReference section */
		1A0ED5C8287EB479007F0933 /* RepositoriesStore.swift */ = {isa = PBXFileReference; lastKnownFileType = sourcecode.swift; path = RepositoriesStore.swift; sourceTree = "<group>"; };
		1A0ED5CA287EB6E6007F0933 /* RepositoriesView.swift */ = {isa = PBXFileReference; lastKnownFileType = sourcecode.swift; path = RepositoriesView.swift; sourceTree = "<group>"; };
		1A0ED5CC287EB6F8007F0933 /* RepositoryRowView.swift */ = {isa = PBXFileReference; lastKnownFileType = sourcecode.swift; path = RepositoryRowView.swift; sourceTree = "<group>"; };
		1A0ED5CE287EB706007F0933 /* RepositoryEditView.swift */ = {isa = PBXFileReference; lastKnownFileType = sourcecode.swift; path = RepositoryEditView.swift; sourceTree = "<group>"; };
		1A0ED5D1287EEA3F007F0933 /* DefaultRepositories.json */ = {isa = PBXFileReference; fileEncoding = 4; lastKnownFileType = text.json; path = DefaultRepositories.json; sourceTree = "<group>"; };
		1A31F75E288835D200052839 /* Capturing-the-Past-Info.plist */ = {isa = PBXFileReference; lastKnownFileType = text.plist; path = "Capturing-the-Past-Info.plist"; sourceTree = SOURCE_ROOT; };
		1A31F75F28889BF100052839 /* BackgroundImage.swift */ = {isa = PBXFileReference; lastKnownFileType = sourcecode.swift; path = BackgroundImage.swift; sourceTree = "<group>"; };
		1A31F7612888A0AE00052839 /* LabelledTextView.swift */ = {isa = PBXFileReference; lastKnownFileType = sourcecode.swift; path = LabelledTextView.swift; sourceTree = "<group>"; };
		1A31F76328893C1500052839 /* LabelledStepper.swift */ = {isa = PBXFileReference; lastKnownFileType = sourcecode.swift; path = LabelledStepper.swift; sourceTree = "<group>"; };
		1A31F76528893D7800052839 /* LabelledText.swift */ = {isa = PBXFileReference; lastKnownFileType = sourcecode.swift; path = LabelledText.swift; sourceTree = "<group>"; };
		1A44ECB02858CD1F006624B0 /* Capturing the Past.app */ = {isa = PBXFileReference; explicitFileType = wrapper.application; includeInIndex = 0; path = "Capturing the Past.app"; sourceTree = BUILT_PRODUCTS_DIR; };
		1A44ECB32858CD1F006624B0 /* CapturingThePastApp.swift */ = {isa = PBXFileReference; lastKnownFileType = sourcecode.swift; path = CapturingThePastApp.swift; sourceTree = "<group>"; };
		1A44ECB52858CD1F006624B0 /* ArchiveEntryEditView.swift */ = {isa = PBXFileReference; lastKnownFileType = sourcecode.swift; path = ArchiveEntryEditView.swift; sourceTree = "<group>"; };
		1A44ECB72858CD23006624B0 /* Assets.xcassets */ = {isa = PBXFileReference; lastKnownFileType = folder.assetcatalog; path = Assets.xcassets; sourceTree = "<group>"; };
		1A44ECBA2858CD23006624B0 /* Preview Assets.xcassets */ = {isa = PBXFileReference; lastKnownFileType = folder.assetcatalog; path = "Preview Assets.xcassets"; sourceTree = "<group>"; };
		1A44ECC22862F8BC006624B0 /* Repository.swift */ = {isa = PBXFileReference; lastKnownFileType = sourcecode.swift; path = Repository.swift; sourceTree = "<group>"; };
		1A44ECC42862F8FF006624B0 /* ArchiveEntry.swift */ = {isa = PBXFileReference; lastKnownFileType = sourcecode.swift; path = ArchiveEntry.swift; sourceTree = "<group>"; };
		1A44ECC628630157006624B0 /* ArchiveEntriesView.swift */ = {isa = PBXFileReference; lastKnownFileType = sourcecode.swift; path = ArchiveEntriesView.swift; sourceTree = "<group>"; };
		1A44ECC828630431006624B0 /* ArchiveEntryRowView.swift */ = {isa = PBXFileReference; lastKnownFileType = sourcecode.swift; path = ArchiveEntryRowView.swift; sourceTree = "<group>"; };
		1A44ECCA28631885006624B0 /* ArchiveEntriesStore.swift */ = {isa = PBXFileReference; lastKnownFileType = sourcecode.swift; path = ArchiveEntriesStore.swift; sourceTree = "<group>"; };
		1A6291EE2869AA8A006B51CB /* ImagePicker.swift */ = {isa = PBXFileReference; fileEncoding = 4; lastKnownFileType = sourcecode.swift; path = ImagePicker.swift; sourceTree = "<group>"; };
		1A6291F22869AA91006B51CB /* FileManager+Extension.swift */ = {isa = PBXFileReference; fileEncoding = 4; lastKnownFileType = sourcecode.swift; path = "FileManager+Extension.swift"; sourceTree = "<group>"; };
		1A6291F42869B38D006B51CB /* Photo.swift */ = {isa = PBXFileReference; lastKnownFileType = sourcecode.swift; path = Photo.swift; sourceTree = "<group>"; };
		1A6291F62869B45F006B51CB /* CapturingThePastError.swift */ = {isa = PBXFileReference; lastKnownFileType = sourcecode.swift; path = CapturingThePastError.swift; sourceTree = "<group>"; };
		1A6291F82869BD4A006B51CB /* ButtonLabel.swift */ = {isa = PBXFileReference; lastKnownFileType = sourcecode.swift; path = ButtonLabel.swift; sourceTree = "<group>"; };
		1A96D039288A91C3005C638A /* Color+Extension.swift */ = {isa = PBXFileReference; lastKnownFileType = sourcecode.swift; path = "Color+Extension.swift"; sourceTree = "<group>"; };
		1A96D03B288A9CCB005C638A /* LabelledControl.swift */ = {isa = PBXFileReference; lastKnownFileType = sourcecode.swift; path = LabelledControl.swift; sourceTree = "<group>"; };
		1A96D03D288AA161005C638A /* LabelledSpecialCaseControl.swift */ = {isa = PBXFileReference; lastKnownFileType = sourcecode.swift; path = LabelledSpecialCaseControl.swift; sourceTree = "<group>"; };
		1AB223E3288C325900A8AA29 /* ShortRepositories.json */ = {isa = PBXFileReference; lastKnownFileType = text.json; path = ShortRepositories.json; sourceTree = "<group>"; };
		1AB223E5288C326D00A8AA29 /* AlternativeRepositories.json */ = {isa = PBXFileReference; lastKnownFileType = text.json; path = AlternativeRepositories.json; sourceTree = "<group>"; };
		1AB223EC288C40DC00A8AA29 /* ConfirmationDialog.swift */ = {isa = PBXFileReference; lastKnownFileType = sourcecode.swift; path = ConfirmationDialog.swift; sourceTree = "<group>"; };
		1AB223EE288C43C600A8AA29 /* InfoPopup.swift */ = {isa = PBXFileReference; lastKnownFileType = sourcecode.swift; path = InfoPopup.swift; sourceTree = "<group>"; };
/* End PBXFileReference section */

/* Begin PBXFrameworksBuildPhase section */
		1A44ECAD2858CD1F006624B0 /* Frameworks */ = {
			isa = PBXFrameworksBuildPhase;
			buildActionMask = 2147483647;
			files = (
				1A96D038288A8E58005C638A /* PopupView in Frameworks */,
				1A31F75D28882F3200052839 /* CSV in Frameworks */,
			);
			runOnlyForDeploymentPostprocessing = 0;
		};
/* End PBXFrameworksBuildPhase section */

/* Begin PBXGroup section */
		1A44ECA72858CD1F006624B0 = {
			isa = PBXGroup;
			children = (
				1A44ECB22858CD1F006624B0 /* Capturing the Past */,
				1A44ECB12858CD1F006624B0 /* Products */,
			);
			sourceTree = "<group>";
		};
		1A44ECB12858CD1F006624B0 /* Products */ = {
			isa = PBXGroup;
			children = (
				1A44ECB02858CD1F006624B0 /* Capturing the Past.app */,
			);
			name = Products;
			sourceTree = "<group>";
		};
		1A44ECB22858CD1F006624B0 /* Capturing the Past */ = {
			isa = PBXGroup;
			children = (
				1A31F75E288835D200052839 /* Capturing-the-Past-Info.plist */,
				1A44ECB72858CD23006624B0 /* Assets.xcassets */,
				1AB223EA288C403700A8AA29 /* Repository Lists */,
				1AB223E7288C3BA300A8AA29 /* Components */,
				1A44ECB92858CD23006624B0 /* Preview Content */,
				1A44ECC12862F890006624B0 /* Models */,
				1AB223EB288C404A00A8AA29 /* Utils */,
				1A44ECB32858CD1F006624B0 /* CapturingThePastApp.swift */,
				1A6291F62869B45F006B51CB /* CapturingThePastError.swift */,
				1A44ECC628630157006624B0 /* ArchiveEntriesView.swift */,
				1A44ECC828630431006624B0 /* ArchiveEntryRowView.swift */,
				1A44ECB52858CD1F006624B0 /* ArchiveEntryEditView.swift */,
				1A0ED5CA287EB6E6007F0933 /* RepositoriesView.swift */,
				1A0ED5CC287EB6F8007F0933 /* RepositoryRowView.swift */,
				1A0ED5CE287EB706007F0933 /* RepositoryEditView.swift */,
				1AB223EC288C40DC00A8AA29 /* ConfirmationDialog.swift */,
				1A6291EE2869AA8A006B51CB /* ImagePicker.swift */,
			);
			path = "Capturing the Past";
			sourceTree = "<group>";
		};
		1A44ECB92858CD23006624B0 /* Preview Content */ = {
			isa = PBXGroup;
			children = (
				1A44ECBA2858CD23006624B0 /* Preview Assets.xcassets */,
			);
			path = "Preview Content";
			sourceTree = "<group>";
		};
		1A44ECC12862F890006624B0 /* Models */ = {
			isa = PBXGroup;
			children = (
				1A6291F42869B38D006B51CB /* Photo.swift */,
				1A44ECC22862F8BC006624B0 /* Repository.swift */,
				1A44ECC42862F8FF006624B0 /* ArchiveEntry.swift */,
				1A44ECCA28631885006624B0 /* ArchiveEntriesStore.swift */,
				1A0ED5C8287EB479007F0933 /* RepositoriesStore.swift */,
			);
			path = Models;
			sourceTree = "<group>";
		};
		1AB223E7288C3BA300A8AA29 /* Components */ = {
			isa = PBXGroup;
			children = (
				1A6291F82869BD4A006B51CB /* ButtonLabel.swift */,
				1A31F75F28889BF100052839 /* BackgroundImage.swift */,
				1A31F7612888A0AE00052839 /* LabelledTextView.swift */,
				1A96D03B288A9CCB005C638A /* LabelledControl.swift */,
				1A31F76528893D7800052839 /* LabelledText.swift */,
				1A31F76328893C1500052839 /* LabelledStepper.swift */,
				1A96D03D288AA161005C638A /* LabelledSpecialCaseControl.swift */,
				1AB223EE288C43C600A8AA29 /* InfoPopup.swift */,
			);
			path = Components;
			sourceTree = "<group>";
		};
		1AB223EA288C403700A8AA29 /* Repository Lists */ = {
			isa = PBXGroup;
			children = (
				1A0ED5D1287EEA3F007F0933 /* DefaultRepositories.json */,
				1AB223E3288C325900A8AA29 /* ShortRepositories.json */,
				1AB223E5288C326D00A8AA29 /* AlternativeRepositories.json */,
			);
			path = "Repository Lists";
			sourceTree = "<group>";
		};
		1AB223EB288C404A00A8AA29 /* Utils */ = {
			isa = PBXGroup;
			children = (
				1A96D039288A91C3005C638A /* Color+Extension.swift */,
				1A6291F22869AA91006B51CB /* FileManager+Extension.swift */,
			);
			path = Utils;
			sourceTree = "<group>";
		};
/* End PBXGroup section */

/* Begin PBXNativeTarget section */
		1A44ECAF2858CD1F006624B0 /* Capturing the Past */ = {
			isa = PBXNativeTarget;
			buildConfigurationList = 1A44ECBE2858CD23006624B0 /* Build configuration list for PBXNativeTarget "Capturing the Past" */;
			buildPhases = (
				1A44ECAC2858CD1F006624B0 /* Sources */,
				1A44ECAD2858CD1F006624B0 /* Frameworks */,
				1A44ECAE2858CD1F006624B0 /* Resources */,
			);
			buildRules = (
			);
			dependencies = (
			);
			name = "Capturing the Past";
			packageProductDependencies = (
				1A31F75C28882F3200052839 /* CSV */,
				1A96D037288A8E58005C638A /* PopupView */,
			);
			productName = "Capturing the Past";
			productReference = 1A44ECB02858CD1F006624B0 /* Capturing the Past.app */;
			productType = "com.apple.product-type.application";
		};
/* End PBXNativeTarget section */

/* Begin PBXProject section */
		1A44ECA82858CD1F006624B0 /* Project object */ = {
			isa = PBXProject;
			attributes = {
				BuildIndependentTargetsInParallel = 1;
				LastSwiftUpdateCheck = 1340;
				LastUpgradeCheck = 1340;
				TargetAttributes = {
					1A44ECAF2858CD1F006624B0 = {
						CreatedOnToolsVersion = 13.4.1;
					};
				};
			};
			buildConfigurationList = 1A44ECAB2858CD1F006624B0 /* Build configuration list for PBXProject "Capturing the Past" */;
			compatibilityVersion = "Xcode 13.0";
			developmentRegion = en;
			hasScannedForEncodings = 0;
			knownRegions = (
				en,
				Base,
			);
			mainGroup = 1A44ECA72858CD1F006624B0;
			packageReferences = (
				1A31F75B28882F3200052839 /* XCRemoteSwiftPackageReference "CSV.swift" */,
				1A96D036288A8E58005C638A /* XCRemoteSwiftPackageReference "PopupView" */,
			);
			productRefGroup = 1A44ECB12858CD1F006624B0 /* Products */;
			projectDirPath = "";
			projectRoot = "";
			targets = (
				1A44ECAF2858CD1F006624B0 /* Capturing the Past */,
			);
		};
/* End PBXProject section */

/* Begin PBXResourcesBuildPhase section */
		1A44ECAE2858CD1F006624B0 /* Resources */ = {
			isa = PBXResourcesBuildPhase;
			buildActionMask = 2147483647;
			files = (
				1A44ECBB2858CD23006624B0 /* Preview Assets.xcassets in Resources */,
				1A44ECB82858CD23006624B0 /* Assets.xcassets in Resources */,
				1AB223E4288C325900A8AA29 /* ShortRepositories.json in Resources */,
				1A0ED5D2287EEA3F007F0933 /* DefaultRepositories.json in Resources */,
				1AB223E6288C326D00A8AA29 /* AlternativeRepositories.json in Resources */,
			);
			runOnlyForDeploymentPostprocessing = 0;
		};
/* End PBXResourcesBuildPhase section */

/* Begin PBXSourcesBuildPhase section */
		1A44ECAC2858CD1F006624B0 /* Sources */ = {
			isa = PBXSourcesBuildPhase;
			buildActionMask = 2147483647;
			files = (
				1A0ED5CB287EB6E6007F0933 /* RepositoriesView.swift in Sources */,
				1A96D03A288A91C3005C638A /* Color+Extension.swift in Sources */,
				1A44ECB62858CD1F006624B0 /* ArchiveEntryEditView.swift in Sources */,
				1A44ECC928630431006624B0 /* ArchiveEntryRowView.swift in Sources */,
				1A0ED5CD287EB6F8007F0933 /* RepositoryRowView.swift in Sources */,
				1A0ED5CF287EB706007F0933 /* RepositoryEditView.swift in Sources */,
				1A96D03E288AA161005C638A /* LabelledSpecialCaseControl.swift in Sources */,
				1A96D03C288A9CCB005C638A /* LabelledControl.swift in Sources */,
				1A6291F72869B45F006B51CB /* CapturingThePastError.swift in Sources */,
				1A44ECC52862F8FF006624B0 /* ArchiveEntry.swift in Sources */,
				1A31F76628893D7800052839 /* LabelledText.swift in Sources */,
				1A6291F52869B38D006B51CB /* Photo.swift in Sources */,
				1A44ECB42858CD1F006624B0 /* CapturingThePastApp.swift in Sources */,
				1A0ED5C9287EB479007F0933 /* RepositoriesStore.swift in Sources */,
				1AB223EF288C43C600A8AA29 /* InfoPopup.swift in Sources */,
				1A6291F92869BD4A006B51CB /* ButtonLabel.swift in Sources */,
				1A6291F02869AA8A006B51CB /* ImagePicker.swift in Sources */,
				1A44ECC32862F8BC006624B0 /* Repository.swift in Sources */,
				1A44ECC728630157006624B0 /* ArchiveEntriesView.swift in Sources */,
				1A31F76028889BF100052839 /* BackgroundImage.swift in Sources */,
				1A31F76428893C1500052839 /* LabelledStepper.swift in Sources */,
				1AB223ED288C40DC00A8AA29 /* ConfirmationDialog.swift in Sources */,
				1A6291F32869AA91006B51CB /* FileManager+Extension.swift in Sources */,
				1A31F7622888A0AE00052839 /* LabelledTextView.swift in Sources */,
				1A44ECCB28631885006624B0 /* ArchiveEntriesStore.swift in Sources */,
			);
			runOnlyForDeploymentPostprocessing = 0;
		};
/* End PBXSourcesBuildPhase section */

/* Begin XCBuildConfiguration section */
		1A44ECBC2858CD23006624B0 /* Debug */ = {
			isa = XCBuildConfiguration;
			buildSettings = {
				ALWAYS_SEARCH_USER_PATHS = NO;
				CLANG_ANALYZER_NONNULL = YES;
				CLANG_ANALYZER_NUMBER_OBJECT_CONVERSION = YES_AGGRESSIVE;
				CLANG_CXX_LANGUAGE_STANDARD = "gnu++17";
				CLANG_ENABLE_MODULES = YES;
				CLANG_ENABLE_OBJC_ARC = YES;
				CLANG_ENABLE_OBJC_WEAK = YES;
				CLANG_WARN_BLOCK_CAPTURE_AUTORELEASING = YES;
				CLANG_WARN_BOOL_CONVERSION = YES;
				CLANG_WARN_COMMA = YES;
				CLANG_WARN_CONSTANT_CONVERSION = YES;
				CLANG_WARN_DEPRECATED_OBJC_IMPLEMENTATIONS = YES;
				CLANG_WARN_DIRECT_OBJC_ISA_USAGE = YES_ERROR;
				CLANG_WARN_DOCUMENTATION_COMMENTS = YES;
				CLANG_WARN_EMPTY_BODY = YES;
				CLANG_WARN_ENUM_CONVERSION = YES;
				CLANG_WARN_INFINITE_RECURSION = YES;
				CLANG_WARN_INT_CONVERSION = YES;
				CLANG_WARN_NON_LITERAL_NULL_CONVERSION = YES;
				CLANG_WARN_OBJC_IMPLICIT_RETAIN_SELF = YES;
				CLANG_WARN_OBJC_LITERAL_CONVERSION = YES;
				CLANG_WARN_OBJC_ROOT_CLASS = YES_ERROR;
				CLANG_WARN_QUOTED_INCLUDE_IN_FRAMEWORK_HEADER = YES;
				CLANG_WARN_RANGE_LOOP_ANALYSIS = YES;
				CLANG_WARN_STRICT_PROTOTYPES = YES;
				CLANG_WARN_SUSPICIOUS_MOVE = YES;
				CLANG_WARN_UNGUARDED_AVAILABILITY = YES_AGGRESSIVE;
				CLANG_WARN_UNREACHABLE_CODE = YES;
				CLANG_WARN__DUPLICATE_METHOD_MATCH = YES;
				COPY_PHASE_STRIP = NO;
				DEBUG_INFORMATION_FORMAT = dwarf;
				ENABLE_STRICT_OBJC_MSGSEND = YES;
				ENABLE_TESTABILITY = YES;
				GCC_C_LANGUAGE_STANDARD = gnu11;
				GCC_DYNAMIC_NO_PIC = NO;
				GCC_NO_COMMON_BLOCKS = YES;
				GCC_OPTIMIZATION_LEVEL = 0;
				GCC_PREPROCESSOR_DEFINITIONS = (
					"DEBUG=1",
					"$(inherited)",
				);
				GCC_WARN_64_TO_32_BIT_CONVERSION = YES;
				GCC_WARN_ABOUT_RETURN_TYPE = YES_ERROR;
				GCC_WARN_UNDECLARED_SELECTOR = YES;
				GCC_WARN_UNINITIALIZED_AUTOS = YES_AGGRESSIVE;
				GCC_WARN_UNUSED_FUNCTION = YES;
				GCC_WARN_UNUSED_VARIABLE = YES;
				IPHONEOS_DEPLOYMENT_TARGET = 15.5;
				MTL_ENABLE_DEBUG_INFO = INCLUDE_SOURCE;
				MTL_FAST_MATH = YES;
				ONLY_ACTIVE_ARCH = YES;
				SDKROOT = iphoneos;
				SWIFT_ACTIVE_COMPILATION_CONDITIONS = DEBUG;
				SWIFT_OPTIMIZATION_LEVEL = "-Onone";
			};
			name = Debug;
		};
		1A44ECBD2858CD23006624B0 /* Release */ = {
			isa = XCBuildConfiguration;
			buildSettings = {
				ALWAYS_SEARCH_USER_PATHS = NO;
				CLANG_ANALYZER_NONNULL = YES;
				CLANG_ANALYZER_NUMBER_OBJECT_CONVERSION = YES_AGGRESSIVE;
				CLANG_CXX_LANGUAGE_STANDARD = "gnu++17";
				CLANG_ENABLE_MODULES = YES;
				CLANG_ENABLE_OBJC_ARC = YES;
				CLANG_ENABLE_OBJC_WEAK = YES;
				CLANG_WARN_BLOCK_CAPTURE_AUTORELEASING = YES;
				CLANG_WARN_BOOL_CONVERSION = YES;
				CLANG_WARN_COMMA = YES;
				CLANG_WARN_CONSTANT_CONVERSION = YES;
				CLANG_WARN_DEPRECATED_OBJC_IMPLEMENTATIONS = YES;
				CLANG_WARN_DIRECT_OBJC_ISA_USAGE = YES_ERROR;
				CLANG_WARN_DOCUMENTATION_COMMENTS = YES;
				CLANG_WARN_EMPTY_BODY = YES;
				CLANG_WARN_ENUM_CONVERSION = YES;
				CLANG_WARN_INFINITE_RECURSION = YES;
				CLANG_WARN_INT_CONVERSION = YES;
				CLANG_WARN_NON_LITERAL_NULL_CONVERSION = YES;
				CLANG_WARN_OBJC_IMPLICIT_RETAIN_SELF = YES;
				CLANG_WARN_OBJC_LITERAL_CONVERSION = YES;
				CLANG_WARN_OBJC_ROOT_CLASS = YES_ERROR;
				CLANG_WARN_QUOTED_INCLUDE_IN_FRAMEWORK_HEADER = YES;
				CLANG_WARN_RANGE_LOOP_ANALYSIS = YES;
				CLANG_WARN_STRICT_PROTOTYPES = YES;
				CLANG_WARN_SUSPICIOUS_MOVE = YES;
				CLANG_WARN_UNGUARDED_AVAILABILITY = YES_AGGRESSIVE;
				CLANG_WARN_UNREACHABLE_CODE = YES;
				CLANG_WARN__DUPLICATE_METHOD_MATCH = YES;
				COPY_PHASE_STRIP = NO;
				DEBUG_INFORMATION_FORMAT = "dwarf-with-dsym";
				ENABLE_NS_ASSERTIONS = NO;
				ENABLE_STRICT_OBJC_MSGSEND = YES;
				GCC_C_LANGUAGE_STANDARD = gnu11;
				GCC_NO_COMMON_BLOCKS = YES;
				GCC_WARN_64_TO_32_BIT_CONVERSION = YES;
				GCC_WARN_ABOUT_RETURN_TYPE = YES_ERROR;
				GCC_WARN_UNDECLARED_SELECTOR = YES;
				GCC_WARN_UNINITIALIZED_AUTOS = YES_AGGRESSIVE;
				GCC_WARN_UNUSED_FUNCTION = YES;
				GCC_WARN_UNUSED_VARIABLE = YES;
				IPHONEOS_DEPLOYMENT_TARGET = 15.5;
				MTL_ENABLE_DEBUG_INFO = NO;
				MTL_FAST_MATH = YES;
				SDKROOT = iphoneos;
				SWIFT_COMPILATION_MODE = wholemodule;
				SWIFT_OPTIMIZATION_LEVEL = "-O";
				VALIDATE_PRODUCT = YES;
			};
			name = Release;
		};
		1A44ECBF2858CD23006624B0 /* Debug */ = {
			isa = XCBuildConfiguration;
			buildSettings = {
				ASSETCATALOG_COMPILER_APPICON_NAME = AppIcon;
				ASSETCATALOG_COMPILER_GLOBAL_ACCENT_COLOR_NAME = AccentColor;
				ASSETCATALOG_COMPILER_INCLUDE_ALL_APPICON_ASSETS = YES;
				CODE_SIGN_STYLE = Automatic;
				CURRENT_PROJECT_VERSION = 1;
				DEVELOPMENT_ASSET_PATHS = "\"Capturing the Past/Preview Content\"";
				DEVELOPMENT_TEAM = 7M9C479L4K;
				ENABLE_PREVIEWS = YES;
				GENERATE_INFOPLIST_FILE = YES;
				INFOPLIST_FILE = "Capturing-the-Past-Info.plist";
				INFOPLIST_KEY_NSCameraUsageDescription = "This is required in order to take photos in the app for the archive";
				INFOPLIST_KEY_UIApplicationSceneManifest_Generation = YES;
				INFOPLIST_KEY_UIApplicationSupportsIndirectInputEvents = YES;
				INFOPLIST_KEY_UILaunchScreen_Generation = YES;
				INFOPLIST_KEY_UISupportedInterfaceOrientations = "UIInterfaceOrientationPortrait UIInterfaceOrientationPortraitUpsideDown";
				INFOPLIST_KEY_UISupportedInterfaceOrientations_iPad = "UIInterfaceOrientationPortrait UIInterfaceOrientationPortraitUpsideDown UIInterfaceOrientationLandscapeLeft UIInterfaceOrientationLandscapeRight";
				INFOPLIST_KEY_UISupportedInterfaceOrientations_iPhone = "UIInterfaceOrientationPortrait UIInterfaceOrientationLandscapeLeft UIInterfaceOrientationLandscapeRight";
				LD_RUNPATH_SEARCH_PATHS = (
					"$(inherited)",
					"@executable_path/Frameworks",
				);
				MARKETING_VERSION = 1.0;
				PRODUCT_BUNDLE_IDENTIFIER = "com.jamesalvarez.Capturing-the-Past";
				PRODUCT_NAME = "$(TARGET_NAME)";
				SWIFT_EMIT_LOC_STRINGS = YES;
				SWIFT_VERSION = 5.0;
				TARGETED_DEVICE_FAMILY = "1,2";
			};
			name = Debug;
		};
		1A44ECC02858CD23006624B0 /* Release */ = {
			isa = XCBuildConfiguration;
			buildSettings = {
				ASSETCATALOG_COMPILER_APPICON_NAME = AppIcon;
				ASSETCATALOG_COMPILER_GLOBAL_ACCENT_COLOR_NAME = AccentColor;
				ASSETCATALOG_COMPILER_INCLUDE_ALL_APPICON_ASSETS = YES;
				CODE_SIGN_STYLE = Automatic;
				CURRENT_PROJECT_VERSION = 1;
				DEVELOPMENT_ASSET_PATHS = "\"Capturing the Past/Preview Content\"";
				DEVELOPMENT_TEAM = 7M9C479L4K;
				ENABLE_PREVIEWS = YES;
				GENERATE_INFOPLIST_FILE = YES;
				INFOPLIST_FILE = "Capturing-the-Past-Info.plist";
				INFOPLIST_KEY_NSCameraUsageDescription = "This is required in order to take photos in the app for the archive";
				INFOPLIST_KEY_UIApplicationSceneManifest_Generation = YES;
				INFOPLIST_KEY_UIApplicationSupportsIndirectInputEvents = YES;
				INFOPLIST_KEY_UILaunchScreen_Generation = YES;
				INFOPLIST_KEY_UISupportedInterfaceOrientations = "UIInterfaceOrientationPortrait UIInterfaceOrientationPortraitUpsideDown";
				INFOPLIST_KEY_UISupportedInterfaceOrientations_iPad = "UIInterfaceOrientationPortrait UIInterfaceOrientationPortraitUpsideDown UIInterfaceOrientationLandscapeLeft UIInterfaceOrientationLandscapeRight";
				INFOPLIST_KEY_UISupportedInterfaceOrientations_iPhone = "UIInterfaceOrientationPortrait UIInterfaceOrientationLandscapeLeft UIInterfaceOrientationLandscapeRight";
				LD_RUNPATH_SEARCH_PATHS = (
					"$(inherited)",
					"@executable_path/Frameworks",
				);
				MARKETING_VERSION = 1.0;
				PRODUCT_BUNDLE_IDENTIFIER = "com.jamesalvarez.Capturing-the-Past";
				PRODUCT_NAME = "$(TARGET_NAME)";
				SWIFT_EMIT_LOC_STRINGS = YES;
				SWIFT_VERSION = 5.0;
				TARGETED_DEVICE_FAMILY = "1,2";
			};
			name = Release;
		};
/* End XCBuildConfiguration section */

/* Begin XCConfigurationList section */
		1A44ECAB2858CD1F006624B0 /* Build configuration list for PBXProject "Capturing the Past" */ = {
			isa = XCConfigurationList;
			buildConfigurations = (
				1A44ECBC2858CD23006624B0 /* Debug */,
				1A44ECBD2858CD23006624B0 /* Release */,
			);
			defaultConfigurationIsVisible = 0;
			defaultConfigurationName = Release;
		};
		1A44ECBE2858CD23006624B0 /* Build configuration list for PBXNativeTarget "Capturing the Past" */ = {
			isa = XCConfigurationList;
			buildConfigurations = (
				1A44ECBF2858CD23006624B0 /* Debug */,
				1A44ECC02858CD23006624B0 /* Release */,
			);
			defaultConfigurationIsVisible = 0;
			defaultConfigurationName = Release;
		};
/* End XCConfigurationList section */

/* Begin XCRemoteSwiftPackageReference section */
		1A31F75B28882F3200052839 /* XCRemoteSwiftPackageReference "CSV.swift" */ = {
			isa = XCRemoteSwiftPackageReference;
			repositoryURL = "https://github.com/yaslab/CSV.swift.git";
			requirement = {
				kind = upToNextMajorVersion;
				minimumVersion = 2.0.0;
			};
		};
		1A96D036288A8E58005C638A /* XCRemoteSwiftPackageReference "PopupView" */ = {
			isa = XCRemoteSwiftPackageReference;
			repositoryURL = "https://github.com/exyte/PopupView.git";
			requirement = {
				kind = upToNextMajorVersion;
				minimumVersion = 1.0.0;
			};
		};
/* End XCRemoteSwiftPackageReference section */

/* Begin XCSwiftPackageProductDependency section */
		1A31F75C28882F3200052839 /* CSV */ = {
			isa = XCSwiftPackageProductDependency;
			package = 1A31F75B28882F3200052839 /* XCRemoteSwiftPackageReference "CSV.swift" */;
			productName = CSV;
		};
		1A96D037288A8E58005C638A /* PopupView */ = {
			isa = XCSwiftPackageProductDependency;
			package = 1A96D036288A8E58005C638A /* XCRemoteSwiftPackageReference "PopupView" */;
			productName = PopupView;
		};
/* End XCSwiftPackageProductDependency section */
	};
	rootObject = 1A44ECA82858CD1F006624B0 /* Project object */;
}
